<?xml version="1.0" encoding="utf-8"?>
<Project ToolsVersion="4.0" xmlns="http://schemas.microsoft.com/developer/msbuild/2003">
  <ItemGroup>
    <Filter Include="ソース ファイル">
      <UniqueIdentifier>{4FC737F1-C7A5-4376-A066-2A32D752A2FF}</UniqueIdentifier>
      <Extensions>cpp;c;cc;cxx;c++;cppm;ixx;def;odl;idl;hpj;bat;asm;asmx</Extensions>
    </Filter>
    <Filter Include="ヘッダー ファイル">
      <UniqueIdentifier>{93995380-89BD-4b04-88EB-625FBE52EBFB}</UniqueIdentifier>
      <Extensions>h;hh;hpp;hxx;h++;hm;inl;inc;ipp;xsd</Extensions>
    </Filter>
    <Filter Include="リソース ファイル">
      <UniqueIdentifier>{67DA6AB6-F800-4c08-8B7A-83BB121AAD01}</UniqueIdentifier>
      <Extensions>rc;ico;cur;bmp;dlg;rc2;rct;bin;rgs;gif;jpg;jpeg;jpe;resx;tiff;tif;png;wav;mfcribbon-ms</Extensions>
    </Filter>
    <Filter Include="Test">
      <UniqueIdentifier>{0b94d525-232c-4d71-86dd-93de7f8d4172}</UniqueIdentifier>
    </Filter>
    <Filter Include="ヘッダー ファイル\Basic">
      <UniqueIdentifier>{e98ec5eb-6968-4b48-a969-e7d0f727e8c0}</UniqueIdentifier>
    </Filter>
    <Filter Include="Test\Basic">
      <UniqueIdentifier>{31cc5620-1f00-4328-8118-00ed28f00d83}</UniqueIdentifier>
    </Filter>
    <Filter Include="Test\SIMD">
      <UniqueIdentifier>{3f1640bf-8347-476d-802e-8fd903b2aaa1}</UniqueIdentifier>
    </Filter>
    <Filter Include="ヘッダー ファイル\SIMD">
      <UniqueIdentifier>{63957b5d-c729-4530-abc9-dfa6f0b84d88}</UniqueIdentifier>
    </Filter>
  </ItemGroup>
  <ItemGroup>
    <ClCompile Include="SIMD_Matrix.cpp">
      <Filter>ソース ファイル</Filter>
    </ClCompile>
  </ItemGroup>
  <ItemGroup>
    <ClInclude Include="..\doctest-master\doctest\doctest.h">
      <Filter>ヘッダー ファイル</Filter>
    </ClInclude>
    <ClInclude Include="Float3.h">
      <Filter>ヘッダー ファイル\Basic</Filter>
    </ClInclude>
    <ClInclude Include="Float4.h">
      <Filter>ヘッダー ファイル\Basic</Filter>
    </ClInclude>
    <ClInclude Include="Matrix4.h">
      <Filter>ヘッダー ファイル\Basic</Filter>
    </ClInclude>
    <ClInclude Include="Test_Matrix4.h">
      <Filter>Test\Basic</Filter>
    </ClInclude>
    <ClInclude Include="Test_Float3.h">
      <Filter>Test\Basic</Filter>
    </ClInclude>
    <ClInclude Include="Test_Float4.h">
      <Filter>Test\Basic</Filter>
    </ClInclude>
    <ClInclude Include="Test_SIMDFloat3.h">
      <Filter>Test\SIMD</Filter>
    </ClInclude>
    <ClInclude Include="SIMDFloat3.h">
      <Filter>ヘッダー ファイル\SIMD</Filter>
    </ClInclude>
    <ClInclude Include="SIMDFloat4.h">
      <Filter>ヘッダー ファイル\SIMD</Filter>
    </ClInclude>
    <ClInclude Include="Test_SIMDFloat4.h">
      <Filter>Test\SIMD</Filter>
    </ClInclude>
    <ClInclude Include="SIMDMatrix4.h">
      <Filter>ヘッダー ファイル\SIMD</Filter>
    </ClInclude>
    <ClInclude Include="Test_SIMDMatrix.h">
      <Filter>Test\SIMD</Filter>
    </ClInclude>
    <ClInclude Include="SIMDFloat4.ipp">
      <Filter>ヘッダー ファイル\SIMD</Filter>
    </ClInclude>
  </ItemGroup>
</Project>